PODS:
  - Alamofire (5.2.2)
  - Realm (5.4.8):
    - Realm/Headers (= 5.4.8)
  - Realm/Headers (5.4.8)
  - SnapKit (5.0.1)
  - SSCustomTabbar (2.0.6)

DEPENDENCIES:
  - Alamofire (~> 5.2)
  - Realm (~> 5.4.8)
  - SnapKit (~> 5.0.0)
  - SSCustomTabbar

SPEC REPOS:
  trunk:
    - Alamofire
    - Realm
    - SnapKit
    - SSCustomTabbar

SPEC CHECKSUMS:
  Alamofire: 814429acc853c6c54ff123fc3d2ef66803823ce0
  Realm: 042bbb59227a0159eda397b8a5a49fbd67495ce7
  SnapKit: 97b92857e3df3a0c71833cce143274bf6ef8e5eb
  SSCustomTabbar: a52533e429bd40f52ce8d7ecb801f3521fbd56a0

PODFILE CHECKSUM: b68b015d984f68055a5bfa504a1884bc1733c6cf

COCOAPODS: 1.9.3
